{
  "name": "-hero.io-apps-store-system-server",
  "version": "1.0.0",
  "lockfileVersion": 3,
  "requires": true,
  "packages": {
    "": {
      "name": "-hero.io-apps-store-system-server",
      "version": "1.0.0",
      "license": "ISC",
      "dependencies": {
        "node-json-db": "^2.6.0"
      }
    },
    "node_modules/node-json-db": {
      "version": "2.6.0",
      "resolved": "https://registry.npmjs.org/node-json-db/-/node-json-db-2.6.0.tgz",
      "integrity": "sha512-LEk4blas9ySJfj4vfRBJWTVckydSlKrLbRAP/7o/WCzC1klmuHYIp8CoqdgHrDdoa6T21fj/CumuJpgM/zkopw==",
      "license": "MIT"
    }
  }
}
